// !$*UTF8*$!
{
	archiveVersion = 1;
	classes = {
	};
	objectVersion = 55;
	objects = {

/* Begin PBXBuildFile section */
		1158FB18FBB2833E0B0FDC40 /* Pods_CricketZone.framework in Frameworks */ = {isa = PBXBuildFile; fileRef = 3BDD9269FE801248C9C98B8A /* Pods_CricketZone.framework */; };
		356EADF029A4A67E00F69FDA /* TeamRankingModel.swift in Sources */ = {isa = PBXBuildFile; fileRef = 356EADEF29A4A67E00F69FDA /* TeamRankingModel.swift */; };
		356EADF429A4C2B100F69FDA /* RankTableViewHeader.swift in Sources */ = {isa = PBXBuildFile; fileRef = 356EADF329A4C2B100F69FDA /* RankTableViewHeader.swift */; };
		356EADF629A4C2D000F69FDA /* RankTableViewHeader.xib in Resources */ = {isa = PBXBuildFile; fileRef = 356EADF529A4C2D000F69FDA /* RankTableViewHeader.xib */; };
		356EADF829A4CEA500F69FDA /* RankViewModel.swift in Sources */ = {isa = PBXBuildFile; fileRef = 356EADF729A4CEA500F69FDA /* RankViewModel.swift */; };
		356EADFF29A5351200F69FDA /* SeasonModel.swift in Sources */ = {isa = PBXBuildFile; fileRef = 356EADFE29A5351200F69FDA /* SeasonModel.swift */; };
		35DBE91829A2087D000A0E5F /* CalendarCollectionViewCell.swift in Sources */ = {isa = PBXBuildFile; fileRef = 35DBE91629A2087D000A0E5F /* CalendarCollectionViewCell.swift */; };
		35DBE91929A2087D000A0E5F /* CalendarCollectionViewCell.xib in Resources */ = {isa = PBXBuildFile; fileRef = 35DBE91729A2087D000A0E5F /* CalendarCollectionViewCell.xib */; };
		35DBE91B29A20B77000A0E5F /* DateModel.swift in Sources */ = {isa = PBXBuildFile; fileRef = 35DBE91A29A20B77000A0E5F /* DateModel.swift */; };
		35DBE91E29A25B02000A0E5F /* LeagueCollectionViewCell.swift in Sources */ = {isa = PBXBuildFile; fileRef = 35DBE91C29A25B02000A0E5F /* LeagueCollectionViewCell.swift */; };
		35DBE91F29A25B02000A0E5F /* LeagueCollectionViewCell.xib in Resources */ = {isa = PBXBuildFile; fileRef = 35DBE91D29A25B02000A0E5F /* LeagueCollectionViewCell.xib */; };
		35DBE92129A25C27000A0E5F /* LeagueModel.swift in Sources */ = {isa = PBXBuildFile; fileRef = 35DBE92029A25C26000A0E5F /* LeagueModel.swift */; };
		35DBE92429A285C0000A0E5F /* Player.storyboard in Resources */ = {isa = PBXBuildFile; fileRef = 35DBE92329A285C0000A0E5F /* Player.storyboard */; };
		35DBE92729A2872B000A0E5F /* Rank.storyboard in Resources */ = {isa = PBXBuildFile; fileRef = 35DBE92629A2872B000A0E5F /* Rank.storyboard */; };
		35DBE92929A29AD8000A0E5F /* TabViewController.swift in Sources */ = {isa = PBXBuildFile; fileRef = 35DBE92829A29AD8000A0E5F /* TabViewController.swift */; };
		35DBE93729A2A622000A0E5F /* PlayerModel+CoreDataClass.swift in Sources */ = {isa = PBXBuildFile; fileRef = 35DBE93529A2A622000A0E5F /* PlayerModel+CoreDataClass.swift */; };
		35DBE93829A2A622000A0E5F /* PlayerModel+CoreDataProperties.swift in Sources */ = {isa = PBXBuildFile; fileRef = 35DBE93629A2A622000A0E5F /* PlayerModel+CoreDataProperties.swift */; };
		35DBE93C29A2A6F6000A0E5F /* UserDefaultsHelper.swift in Sources */ = {isa = PBXBuildFile; fileRef = 35DBE93B29A2A6F6000A0E5F /* UserDefaultsHelper.swift */; };
		35DBE93E29A2A740000A0E5F /* CoreDataHelper.swift in Sources */ = {isa = PBXBuildFile; fileRef = 35DBE93D29A2A740000A0E5F /* CoreDataHelper.swift */; };
		35FAC67E299802740069DEB4 /* MatchDetailsViewController.swift in Sources */ = {isa = PBXBuildFile; fileRef = 35FAC67D299802740069DEB4 /* MatchDetailsViewController.swift */; };
		35FAC681299802910069DEB4 /* MatchDetailsViewModel.swift in Sources */ = {isa = PBXBuildFile; fileRef = 35FAC680299802910069DEB4 /* MatchDetailsViewModel.swift */; };
		35FC944829A0B92C0071DC0D /* PlayerCareerViewModel.swift in Sources */ = {isa = PBXBuildFile; fileRef = 35FC944729A0B92C0071DC0D /* PlayerCareerViewModel.swift */; };
		35FC944F29A0DABD0071DC0D /* PlayerBowlingCareerTableViewCell.swift in Sources */ = {isa = PBXBuildFile; fileRef = 35FC944D29A0DABD0071DC0D /* PlayerBowlingCareerTableViewCell.swift */; };
		35FC945029A0DABD0071DC0D /* PlayerBowlingCareerTableViewCell.xib in Resources */ = {isa = PBXBuildFile; fileRef = 35FC944E29A0DABD0071DC0D /* PlayerBowlingCareerTableViewCell.xib */; };
		35FC945229A10A390071DC0D /* LiveScoreViewController.swift in Sources */ = {isa = PBXBuildFile; fileRef = 35FC945129A10A390071DC0D /* LiveScoreViewController.swift */; };
		35FC945429A10EAD0071DC0D /* LiveScoreViewModel.swift in Sources */ = {isa = PBXBuildFile; fileRef = 35FC945329A10EAD0071DC0D /* LiveScoreViewModel.swift */; };
		35FC945729A12A1D0071DC0D /* WinProbabilityTableViewCell.swift in Sources */ = {isa = PBXBuildFile; fileRef = 35FC945529A12A1D0071DC0D /* WinProbabilityTableViewCell.swift */; };
		35FC945829A12A1D0071DC0D /* WinProbabilityTableViewCell.xib in Resources */ = {isa = PBXBuildFile; fileRef = 35FC945629A12A1D0071DC0D /* WinProbabilityTableViewCell.xib */; };
		848812F0299F52DF004DDBA8 /* PlayerTeamsViewController.swift in Sources */ = {isa = PBXBuildFile; fileRef = 848812EF299F52DF004DDBA8 /* PlayerTeamsViewController.swift */; };
		848812F4299F5F35004DDBA8 /* PlayerTeamTableViewCell.swift in Sources */ = {isa = PBXBuildFile; fileRef = 848812F2299F5F35004DDBA8 /* PlayerTeamTableViewCell.swift */; };
		848812F5299F5F35004DDBA8 /* PlayerTeamTableViewCell.xib in Resources */ = {isa = PBXBuildFile; fileRef = 848812F3299F5F35004DDBA8 /* PlayerTeamTableViewCell.xib */; };
		849EAEE0299DF7F900A39B6D /* PlayerDetails.storyboard in Resources */ = {isa = PBXBuildFile; fileRef = 849EAEDF299DF7F900A39B6D /* PlayerDetails.storyboard */; };
		849EAEE2299E192600A39B6D /* PlayerDetailsViewModel.swift in Sources */ = {isa = PBXBuildFile; fileRef = 849EAEE1299E192600A39B6D /* PlayerDetailsViewModel.swift */; };
		849EAEE4299E20B100A39B6D /* PlayerDetailsModel.swift in Sources */ = {isa = PBXBuildFile; fileRef = 849EAEE3299E20B100A39B6D /* PlayerDetailsModel.swift */; };
		84B1E17D299F2B29009571A8 /* PlayerOverviewViewController.swift in Sources */ = {isa = PBXBuildFile; fileRef = 84B1E17C299F2B29009571A8 /* PlayerOverviewViewController.swift */; };
		84D3AF7F29A30EB900B22C38 /* Player.swift in Sources */ = {isa = PBXBuildFile; fileRef = 84D3AF7E29A30EB900B22C38 /* Player.swift */; };
		84D3AF8129A3386400B22C38 /* PlayerViewController.swift in Sources */ = {isa = PBXBuildFile; fileRef = 84D3AF8029A3386400B22C38 /* PlayerViewController.swift */; };
		84D3AF8329A33DD900B22C38 /* PlayerViewModel.swift in Sources */ = {isa = PBXBuildFile; fileRef = 84D3AF8229A33DD900B22C38 /* PlayerViewModel.swift */; };
		84D3AF8529A39ED700B22C38 /* RankViewController.swift in Sources */ = {isa = PBXBuildFile; fileRef = 84D3AF8429A39ED700B22C38 /* RankViewController.swift */; };
		84D3AF8929A3A80A00B22C38 /* RankTableViewCell.swift in Sources */ = {isa = PBXBuildFile; fileRef = 84D3AF8729A3A80A00B22C38 /* RankTableViewCell.swift */; };
		84D3AF8A29A3A80A00B22C38 /* RankTableViewCell.xib in Resources */ = {isa = PBXBuildFile; fileRef = 84D3AF8829A3A80A00B22C38 /* RankTableViewCell.xib */; };
		84D8D009299F2CB600AA4925 /* PlayerInfoTableViewCell.swift in Sources */ = {isa = PBXBuildFile; fileRef = 84D8D007299F2CB600AA4925 /* PlayerInfoTableViewCell.swift */; };
		84D8D00A299F2CB600AA4925 /* PlayerInfoTableViewCell.xib in Resources */ = {isa = PBXBuildFile; fileRef = 84D8D008299F2CB600AA4925 /* PlayerInfoTableViewCell.xib */; };
		84E0615F299F747200834048 /* PlayerTeamUITableViewHeaderView.swift in Sources */ = {isa = PBXBuildFile; fileRef = 84E0615E299F747200834048 /* PlayerTeamUITableViewHeaderView.swift */; };
		84E06161299F74A000834048 /* PlayerTeamUITableViewHeaderView.xib in Resources */ = {isa = PBXBuildFile; fileRef = 84E06160299F74A000834048 /* PlayerTeamUITableViewHeaderView.xib */; };
		84E06163299F8CF200834048 /* PlayerCareerViewController.swift in Sources */ = {isa = PBXBuildFile; fileRef = 84E06162299F8CF200834048 /* PlayerCareerViewController.swift */; };
		84E06167299F98E700834048 /* PlayerCareerTableViewCell.swift in Sources */ = {isa = PBXBuildFile; fileRef = 84E06165299F98E700834048 /* PlayerCareerTableViewCell.swift */; };
		84E06168299F98E700834048 /* PlayerCareerTableViewCell.xib in Resources */ = {isa = PBXBuildFile; fileRef = 84E06166299F98E700834048 /* PlayerCareerTableViewCell.xib */; };
		84EEB71F299DD26D0058242B /* SquadViewController.swift in Sources */ = {isa = PBXBuildFile; fileRef = 84EEB71E299DD26D0058242B /* SquadViewController.swift */; };
		84EEB722299DD76E0058242B /* PlayerTableViewCell.swift in Sources */ = {isa = PBXBuildFile; fileRef = 84EEB720299DD76E0058242B /* PlayerTableViewCell.swift */; };
		84EEB723299DD76E0058242B /* PlayerTableViewCell.xib in Resources */ = {isa = PBXBuildFile; fileRef = 84EEB721299DD76E0058242B /* PlayerTableViewCell.xib */; };
		84EEB725299DE1480058242B /* SquadViewModel.swift in Sources */ = {isa = PBXBuildFile; fileRef = 84EEB724299DE1480058242B /* SquadViewModel.swift */; };
		84EEB72A299DF6970058242B /* PlayerDetailsViewController.swift in Sources */ = {isa = PBXBuildFile; fileRef = 84EEB729299DF6970058242B /* PlayerDetailsViewController.swift */; };
		892E20A8299C75CF00DECB9B /* ScoreCardViewController.swift in Sources */ = {isa = PBXBuildFile; fileRef = 892E20A7299C75CF00DECB9B /* ScoreCardViewController.swift */; };
		892E20AA299C7B8000DECB9B /* ScoreCardTVHeaderView.swift in Sources */ = {isa = PBXBuildFile; fileRef = 892E20A9299C7B8000DECB9B /* ScoreCardTVHeaderView.swift */; };
		892E20AC299C7BAB00DECB9B /* ScoreCardTVHeaderView.xib in Resources */ = {isa = PBXBuildFile; fileRef = 892E20AB299C7BAB00DECB9B /* ScoreCardTVHeaderView.xib */; };
		892E20AF299C849800DECB9B /* ScoreCardTableViewCell.swift in Sources */ = {isa = PBXBuildFile; fileRef = 892E20AD299C849800DECB9B /* ScoreCardTableViewCell.swift */; };
		892E20B0299C849800DECB9B /* ScoreCardTableViewCell.xib in Resources */ = {isa = PBXBuildFile; fileRef = 892E20AE299C849800DECB9B /* ScoreCardTableViewCell.xib */; };
		892E20B4299CA21900DECB9B /* ScoreCardViewModel.swift in Sources */ = {isa = PBXBuildFile; fileRef = 892E20B3299CA21900DECB9B /* ScoreCardViewModel.swift */; };
		895CE68A2995EA8000150362 /* APIService.swift in Sources */ = {isa = PBXBuildFile; fileRef = 895CE6892995EA8000150362 /* APIService.swift */; };
		895CE68D299601B200150362 /* FixtureModel.swift in Sources */ = {isa = PBXBuildFile; fileRef = 895CE68C299601B200150362 /* FixtureModel.swift */; };
		895CE68F2996064200150362 /* cricketAPIConfig.swift in Sources */ = {isa = PBXBuildFile; fileRef = 895CE68E2996064200150362 /* cricketAPIConfig.swift */; };
		899C341F2999DC6200E18031 /* MatchDetailsModel.swift in Sources */ = {isa = PBXBuildFile; fileRef = 899C341E2999DC6200E18031 /* MatchDetailsModel.swift */; };
		899C8F4729948FE00001AC43 /* AppDelegate.swift in Sources */ = {isa = PBXBuildFile; fileRef = 899C8F4629948FE00001AC43 /* AppDelegate.swift */; };
		899C8F4929948FE00001AC43 /* SceneDelegate.swift in Sources */ = {isa = PBXBuildFile; fileRef = 899C8F4829948FE00001AC43 /* SceneDelegate.swift */; };
		899C8F4E29948FE00001AC43 /* Main.storyboard in Resources */ = {isa = PBXBuildFile; fileRef = 899C8F4C29948FE00001AC43 /* Main.storyboard */; };
		899C8F5129948FE00001AC43 /* CricketZone.xcdatamodeld in Sources */ = {isa = PBXBuildFile; fileRef = 899C8F4F29948FE00001AC43 /* CricketZone.xcdatamodeld */; };
		899C8F5629948FE40001AC43 /* LaunchScreen.storyboard in Resources */ = {isa = PBXBuildFile; fileRef = 899C8F5429948FE40001AC43 /* LaunchScreen.storyboard */; };
		899C8F5E2994A0E80001AC43 /* HomeViewController.swift in Sources */ = {isa = PBXBuildFile; fileRef = 899C8F5D2994A0E80001AC43 /* HomeViewController.swift */; };
		899C8F602994A1000001AC43 /* HomeViewModel.swift in Sources */ = {isa = PBXBuildFile; fileRef = 899C8F5F2994A1000001AC43 /* HomeViewModel.swift */; };
		899C8F622994A11E0001AC43 /* Home.storyboard in Resources */ = {isa = PBXBuildFile; fileRef = 899C8F612994A11E0001AC43 /* Home.storyboard */; };
		899C8F662994A4AC0001AC43 /* Shared.swift in Sources */ = {isa = PBXBuildFile; fileRef = 899C8F652994A4AC0001AC43 /* Shared.swift */; };
		899C8F682994BD9F0001AC43 /* FixtureViewController.swift in Sources */ = {isa = PBXBuildFile; fileRef = 899C8F672994BD9F0001AC43 /* FixtureViewController.swift */; };
		899C8F6A2994BDC60001AC43 /* Fixture.storyboard in Resources */ = {isa = PBXBuildFile; fileRef = 899C8F692994BDC60001AC43 /* Fixture.storyboard */; };
		899C8F6C2994C21B0001AC43 /* FixtureViewModel.swift in Sources */ = {isa = PBXBuildFile; fileRef = 899C8F6B2994C21B0001AC43 /* FixtureViewModel.swift */; };
		899C8F702994CCE00001AC43 /* LiveMatchCVCell.swift in Sources */ = {isa = PBXBuildFile; fileRef = 899C8F6E2994CCE00001AC43 /* LiveMatchCVCell.swift */; };
		899C8F712994CCE00001AC43 /* LiveMatchCVCell.xib in Resources */ = {isa = PBXBuildFile; fileRef = 899C8F6F2994CCE00001AC43 /* LiveMatchCVCell.xib */; };
		89D37C3F299A356C0059C1D0 /* MatchInfoViewController.swift in Sources */ = {isa = PBXBuildFile; fileRef = 89D37C3E299A356C0059C1D0 /* MatchInfoViewController.swift */; };
		89D37C43299A37130059C1D0 /* InfoTableViewCell.swift in Sources */ = {isa = PBXBuildFile; fileRef = 89D37C41299A37120059C1D0 /* InfoTableViewCell.swift */; };
		89D37C44299A37130059C1D0 /* InfoTableViewCell.xib in Resources */ = {isa = PBXBuildFile; fileRef = 89D37C42299A37130059C1D0 /* InfoTableViewCell.xib */; };
		89D682E5299B625A00E19032 /* TeamFormTVHeaderFooterView.swift in Sources */ = {isa = PBXBuildFile; fileRef = 89D682E4299B625A00E19032 /* TeamFormTVHeaderFooterView.swift */; };
		89D682E7299B6E2500E19032 /* TeamFormTVHeaderFooterView.xib in Resources */ = {isa = PBXBuildFile; fileRef = 89D682E6299B6E2500E19032 /* TeamFormTVHeaderFooterView.xib */; };
		89E1DB732994DEB9008452C3 /* Assets.xcassets in Resources */ = {isa = PBXBuildFile; fileRef = 89E1DB722994DEB9008452C3 /* Assets.xcassets */; };
		89E1DB752994E2E4008452C3 /* Constants.swift in Sources */ = {isa = PBXBuildFile; fileRef = 89E1DB742994E2E4008452C3 /* Constants.swift */; };
		89E1DB80299522DB008452C3 /* RecentMatchTVCell.swift in Sources */ = {isa = PBXBuildFile; fileRef = 89E1DB7E299522DB008452C3 /* RecentMatchTVCell.swift */; };
		89E1DB81299522DB008452C3 /* RecentMatchTVCell.xib in Resources */ = {isa = PBXBuildFile; fileRef = 89E1DB7F299522DB008452C3 /* RecentMatchTVCell.xib */; };
/* End PBXBuildFile section */

/* Begin PBXFileReference section */
		031C575EC0964D1EC9F7ACAD /* Pods-CricketZone.debug.xcconfig */ = {isa = PBXFileReference; includeInIndex = 1; lastKnownFileType = text.xcconfig; name = "Pods-CricketZone.debug.xcconfig"; path = "Target Support Files/Pods-CricketZone/Pods-CricketZone.debug.xcconfig"; sourceTree = "<group>"; };
		1FAE0122A389898F2860FB95 /* Pods-CricketZone.release.xcconfig */ = {isa = PBXFileReference; includeInIndex = 1; lastKnownFileType = text.xcconfig; name = "Pods-CricketZone.release.xcconfig"; path = "Target Support Files/Pods-CricketZone/Pods-CricketZone.release.xcconfig"; sourceTree = "<group>"; };
		356EADEF29A4A67E00F69FDA /* TeamRankingModel.swift */ = {isa = PBXFileReference; lastKnownFileType = sourcecode.swift; path = TeamRankingModel.swift; sourceTree = "<group>"; };
		356EADF329A4C2B100F69FDA /* RankTableViewHeader.swift */ = {isa = PBXFileReference; lastKnownFileType = sourcecode.swift; path = RankTableViewHeader.swift; sourceTree = "<group>"; };
		356EADF529A4C2D000F69FDA /* RankTableViewHeader.xib */ = {isa = PBXFileReference; lastKnownFileType = file.xib; path = RankTableViewHeader.xib; sourceTree = "<group>"; };
		356EADF729A4CEA500F69FDA /* RankViewModel.swift */ = {isa = PBXFileReference; lastKnownFileType = sourcecode.swift; path = RankViewModel.swift; sourceTree = "<group>"; };
		356EADFE29A5351200F69FDA /* SeasonModel.swift */ = {isa = PBXFileReference; lastKnownFileType = sourcecode.swift; path = SeasonModel.swift; sourceTree = "<group>"; };
		35DBE91629A2087D000A0E5F /* CalendarCollectionViewCell.swift */ = {isa = PBXFileReference; lastKnownFileType = sourcecode.swift; path = CalendarCollectionViewCell.swift; sourceTree = "<group>"; };
		35DBE91729A2087D000A0E5F /* CalendarCollectionViewCell.xib */ = {isa = PBXFileReference; lastKnownFileType = file.xib; path = CalendarCollectionViewCell.xib; sourceTree = "<group>"; };
		35DBE91A29A20B77000A0E5F /* DateModel.swift */ = {isa = PBXFileReference; lastKnownFileType = sourcecode.swift; path = DateModel.swift; sourceTree = "<group>"; };
		35DBE91C29A25B02000A0E5F /* LeagueCollectionViewCell.swift */ = {isa = PBXFileReference; lastKnownFileType = sourcecode.swift; path = LeagueCollectionViewCell.swift; sourceTree = "<group>"; };
		35DBE91D29A25B02000A0E5F /* LeagueCollectionViewCell.xib */ = {isa = PBXFileReference; lastKnownFileType = file.xib; path = LeagueCollectionViewCell.xib; sourceTree = "<group>"; };
		35DBE92029A25C26000A0E5F /* LeagueModel.swift */ = {isa = PBXFileReference; lastKnownFileType = sourcecode.swift; path = LeagueModel.swift; sourceTree = "<group>"; };
		35DBE92329A285C0000A0E5F /* Player.storyboard */ = {isa = PBXFileReference; lastKnownFileType = file.storyboard; path = Player.storyboard; sourceTree = "<group>"; };
		35DBE92629A2872B000A0E5F /* Rank.storyboard */ = {isa = PBXFileReference; lastKnownFileType = file.storyboard; path = Rank.storyboard; sourceTree = "<group>"; };
		35DBE92829A29AD8000A0E5F /* TabViewController.swift */ = {isa = PBXFileReference; lastKnownFileType = sourcecode.swift; path = TabViewController.swift; sourceTree = "<group>"; };
		35DBE93529A2A622000A0E5F /* PlayerModel+CoreDataClass.swift */ = {isa = PBXFileReference; lastKnownFileType = sourcecode.swift; name = "PlayerModel+CoreDataClass.swift"; path = "CricketZone/Storage/Core Data/PlayerModel+CoreDataClass.swift"; sourceTree = SOURCE_ROOT; };
		35DBE93629A2A622000A0E5F /* PlayerModel+CoreDataProperties.swift */ = {isa = PBXFileReference; lastKnownFileType = sourcecode.swift; name = "PlayerModel+CoreDataProperties.swift"; path = "CricketZone/Storage/Core Data/PlayerModel+CoreDataProperties.swift"; sourceTree = SOURCE_ROOT; };
		35DBE93B29A2A6F6000A0E5F /* UserDefaultsHelper.swift */ = {isa = PBXFileReference; lastKnownFileType = sourcecode.swift; path = UserDefaultsHelper.swift; sourceTree = "<group>"; };
		35DBE93D29A2A740000A0E5F /* CoreDataHelper.swift */ = {isa = PBXFileReference; lastKnownFileType = sourcecode.swift; path = CoreDataHelper.swift; sourceTree = "<group>"; };
		35FAC67D299802740069DEB4 /* MatchDetailsViewController.swift */ = {isa = PBXFileReference; lastKnownFileType = sourcecode.swift; path = MatchDetailsViewController.swift; sourceTree = "<group>"; };
		35FAC680299802910069DEB4 /* MatchDetailsViewModel.swift */ = {isa = PBXFileReference; lastKnownFileType = sourcecode.swift; path = MatchDetailsViewModel.swift; sourceTree = "<group>"; };
		35FC944729A0B92C0071DC0D /* PlayerCareerViewModel.swift */ = {isa = PBXFileReference; lastKnownFileType = sourcecode.swift; path = PlayerCareerViewModel.swift; sourceTree = "<group>"; };
		35FC944D29A0DABD0071DC0D /* PlayerBowlingCareerTableViewCell.swift */ = {isa = PBXFileReference; lastKnownFileType = sourcecode.swift; path = PlayerBowlingCareerTableViewCell.swift; sourceTree = "<group>"; };
		35FC944E29A0DABD0071DC0D /* PlayerBowlingCareerTableViewCell.xib */ = {isa = PBXFileReference; lastKnownFileType = file.xib; path = PlayerBowlingCareerTableViewCell.xib; sourceTree = "<group>"; };
		35FC945129A10A390071DC0D /* LiveScoreViewController.swift */ = {isa = PBXFileReference; lastKnownFileType = sourcecode.swift; path = LiveScoreViewController.swift; sourceTree = "<group>"; };
		35FC945329A10EAD0071DC0D /* LiveScoreViewModel.swift */ = {isa = PBXFileReference; lastKnownFileType = sourcecode.swift; path = LiveScoreViewModel.swift; sourceTree = "<group>"; };
		35FC945529A12A1D0071DC0D /* WinProbabilityTableViewCell.swift */ = {isa = PBXFileReference; lastKnownFileType = sourcecode.swift; path = WinProbabilityTableViewCell.swift; sourceTree = "<group>"; };
		35FC945629A12A1D0071DC0D /* WinProbabilityTableViewCell.xib */ = {isa = PBXFileReference; lastKnownFileType = file.xib; path = WinProbabilityTableViewCell.xib; sourceTree = "<group>"; };
		3BDD9269FE801248C9C98B8A /* Pods_CricketZone.framework */ = {isa = PBXFileReference; explicitFileType = wrapper.framework; includeInIndex = 0; path = Pods_CricketZone.framework; sourceTree = BUILT_PRODUCTS_DIR; };
		848812EF299F52DF004DDBA8 /* PlayerTeamsViewController.swift */ = {isa = PBXFileReference; lastKnownFileType = sourcecode.swift; path = PlayerTeamsViewController.swift; sourceTree = "<group>"; };
		848812F2299F5F35004DDBA8 /* PlayerTeamTableViewCell.swift */ = {isa = PBXFileReference; lastKnownFileType = sourcecode.swift; path = PlayerTeamTableViewCell.swift; sourceTree = "<group>"; };
		848812F3299F5F35004DDBA8 /* PlayerTeamTableViewCell.xib */ = {isa = PBXFileReference; lastKnownFileType = file.xib; path = PlayerTeamTableViewCell.xib; sourceTree = "<group>"; };
		849EAEDF299DF7F900A39B6D /* PlayerDetails.storyboard */ = {isa = PBXFileReference; lastKnownFileType = file.storyboard; path = PlayerDetails.storyboard; sourceTree = "<group>"; };
		849EAEE1299E192600A39B6D /* PlayerDetailsViewModel.swift */ = {isa = PBXFileReference; lastKnownFileType = sourcecode.swift; path = PlayerDetailsViewModel.swift; sourceTree = "<group>"; };
		849EAEE3299E20B100A39B6D /* PlayerDetailsModel.swift */ = {isa = PBXFileReference; lastKnownFileType = sourcecode.swift; path = PlayerDetailsModel.swift; sourceTree = "<group>"; };
		84B1E17C299F2B29009571A8 /* PlayerOverviewViewController.swift */ = {isa = PBXFileReference; lastKnownFileType = sourcecode.swift; path = PlayerOverviewViewController.swift; sourceTree = "<group>"; };
		84D3AF7E29A30EB900B22C38 /* Player.swift */ = {isa = PBXFileReference; lastKnownFileType = sourcecode.swift; path = Player.swift; sourceTree = "<group>"; };
		84D3AF8029A3386400B22C38 /* PlayerViewController.swift */ = {isa = PBXFileReference; lastKnownFileType = sourcecode.swift; path = PlayerViewController.swift; sourceTree = "<group>"; };
		84D3AF8229A33DD900B22C38 /* PlayerViewModel.swift */ = {isa = PBXFileReference; lastKnownFileType = sourcecode.swift; path = PlayerViewModel.swift; sourceTree = "<group>"; };
		84D3AF8429A39ED700B22C38 /* RankViewController.swift */ = {isa = PBXFileReference; lastKnownFileType = sourcecode.swift; path = RankViewController.swift; sourceTree = "<group>"; };
		84D3AF8729A3A80A00B22C38 /* RankTableViewCell.swift */ = {isa = PBXFileReference; lastKnownFileType = sourcecode.swift; path = RankTableViewCell.swift; sourceTree = "<group>"; };
		84D3AF8829A3A80A00B22C38 /* RankTableViewCell.xib */ = {isa = PBXFileReference; lastKnownFileType = file.xib; path = RankTableViewCell.xib; sourceTree = "<group>"; };
		84D8D007299F2CB600AA4925 /* PlayerInfoTableViewCell.swift */ = {isa = PBXFileReference; lastKnownFileType = sourcecode.swift; path = PlayerInfoTableViewCell.swift; sourceTree = "<group>"; };
		84D8D008299F2CB600AA4925 /* PlayerInfoTableViewCell.xib */ = {isa = PBXFileReference; lastKnownFileType = file.xib; path = PlayerInfoTableViewCell.xib; sourceTree = "<group>"; };
		84E0615E299F747200834048 /* PlayerTeamUITableViewHeaderView.swift */ = {isa = PBXFileReference; lastKnownFileType = sourcecode.swift; path = PlayerTeamUITableViewHeaderView.swift; sourceTree = "<group>"; };
		84E06160299F74A000834048 /* PlayerTeamUITableViewHeaderView.xib */ = {isa = PBXFileReference; lastKnownFileType = file.xib; path = PlayerTeamUITableViewHeaderView.xib; sourceTree = "<group>"; };
		84E06162299F8CF200834048 /* PlayerCareerViewController.swift */ = {isa = PBXFileReference; lastKnownFileType = sourcecode.swift; path = PlayerCareerViewController.swift; sourceTree = "<group>"; };
		84E06165299F98E700834048 /* PlayerCareerTableViewCell.swift */ = {isa = PBXFileReference; lastKnownFileType = sourcecode.swift; path = PlayerCareerTableViewCell.swift; sourceTree = "<group>"; };
		84E06166299F98E700834048 /* PlayerCareerTableViewCell.xib */ = {isa = PBXFileReference; lastKnownFileType = file.xib; path = PlayerCareerTableViewCell.xib; sourceTree = "<group>"; };
		84EEB71E299DD26D0058242B /* SquadViewController.swift */ = {isa = PBXFileReference; lastKnownFileType = sourcecode.swift; name = SquadViewController.swift; path = CricketZone/View/SquadViewController.swift; sourceTree = SOURCE_ROOT; };
		84EEB720299DD76E0058242B /* PlayerTableViewCell.swift */ = {isa = PBXFileReference; lastKnownFileType = sourcecode.swift; path = PlayerTableViewCell.swift; sourceTree = "<group>"; };
		84EEB721299DD76E0058242B /* PlayerTableViewCell.xib */ = {isa = PBXFileReference; lastKnownFileType = file.xib; path = PlayerTableViewCell.xib; sourceTree = "<group>"; };
		84EEB724299DE1480058242B /* SquadViewModel.swift */ = {isa = PBXFileReference; lastKnownFileType = sourcecode.swift; path = SquadViewModel.swift; sourceTree = "<group>"; };
		84EEB729299DF6970058242B /* PlayerDetailsViewController.swift */ = {isa = PBXFileReference; lastKnownFileType = sourcecode.swift; path = PlayerDetailsViewController.swift; sourceTree = "<group>"; };
		892E20A7299C75CF00DECB9B /* ScoreCardViewController.swift */ = {isa = PBXFileReference; lastKnownFileType = sourcecode.swift; path = ScoreCardViewController.swift; sourceTree = "<group>"; };
		892E20A9299C7B8000DECB9B /* ScoreCardTVHeaderView.swift */ = {isa = PBXFileReference; lastKnownFileType = sourcecode.swift; path = ScoreCardTVHeaderView.swift; sourceTree = "<group>"; };
		892E20AB299C7BAB00DECB9B /* ScoreCardTVHeaderView.xib */ = {isa = PBXFileReference; lastKnownFileType = file.xib; path = ScoreCardTVHeaderView.xib; sourceTree = "<group>"; };
		892E20AD299C849800DECB9B /* ScoreCardTableViewCell.swift */ = {isa = PBXFileReference; lastKnownFileType = sourcecode.swift; path = ScoreCardTableViewCell.swift; sourceTree = "<group>"; };
		892E20AE299C849800DECB9B /* ScoreCardTableViewCell.xib */ = {isa = PBXFileReference; lastKnownFileType = file.xib; path = ScoreCardTableViewCell.xib; sourceTree = "<group>"; };
		892E20B3299CA21900DECB9B /* ScoreCardViewModel.swift */ = {isa = PBXFileReference; lastKnownFileType = sourcecode.swift; path = ScoreCardViewModel.swift; sourceTree = "<group>"; };
		895CE6892995EA8000150362 /* APIService.swift */ = {isa = PBXFileReference; lastKnownFileType = sourcecode.swift; path = APIService.swift; sourceTree = "<group>"; };
		895CE68C299601B200150362 /* FixtureModel.swift */ = {isa = PBXFileReference; lastKnownFileType = sourcecode.swift; path = FixtureModel.swift; sourceTree = "<group>"; };
		895CE68E2996064200150362 /* cricketAPIConfig.swift */ = {isa = PBXFileReference; lastKnownFileType = sourcecode.swift; path = cricketAPIConfig.swift; sourceTree = "<group>"; };
		899C341E2999DC6200E18031 /* MatchDetailsModel.swift */ = {isa = PBXFileReference; lastKnownFileType = sourcecode.swift; path = MatchDetailsModel.swift; sourceTree = "<group>"; };
		899C8F4329948FE00001AC43 /* CricketZone.app */ = {isa = PBXFileReference; explicitFileType = wrapper.application; includeInIndex = 0; path = CricketZone.app; sourceTree = BUILT_PRODUCTS_DIR; };
		899C8F4629948FE00001AC43 /* AppDelegate.swift */ = {isa = PBXFileReference; lastKnownFileType = sourcecode.swift; path = AppDelegate.swift; sourceTree = "<group>"; };
		899C8F4829948FE00001AC43 /* SceneDelegate.swift */ = {isa = PBXFileReference; lastKnownFileType = sourcecode.swift; path = SceneDelegate.swift; sourceTree = "<group>"; };
		899C8F4D29948FE00001AC43 /* Base */ = {isa = PBXFileReference; lastKnownFileType = file.storyboard; name = Base; path = Base.lproj/Main.storyboard; sourceTree = "<group>"; };
		899C8F5029948FE00001AC43 /* CricketZone.xcdatamodel */ = {isa = PBXFileReference; lastKnownFileType = wrapper.xcdatamodel; path = CricketZone.xcdatamodel; sourceTree = "<group>"; };
		899C8F5529948FE40001AC43 /* Base */ = {isa = PBXFileReference; lastKnownFileType = file.storyboard; name = Base; path = Base.lproj/LaunchScreen.storyboard; sourceTree = "<group>"; };
		899C8F5729948FE40001AC43 /* Info.plist */ = {isa = PBXFileReference; lastKnownFileType = text.plist.xml; path = Info.plist; sourceTree = "<group>"; };
		899C8F5D2994A0E80001AC43 /* HomeViewController.swift */ = {isa = PBXFileReference; lastKnownFileType = sourcecode.swift; path = HomeViewController.swift; sourceTree = "<group>"; };
		899C8F5F2994A1000001AC43 /* HomeViewModel.swift */ = {isa = PBXFileReference; lastKnownFileType = sourcecode.swift; path = HomeViewModel.swift; sourceTree = "<group>"; };
		899C8F612994A11E0001AC43 /* Home.storyboard */ = {isa = PBXFileReference; lastKnownFileType = file.storyboard; path = Home.storyboard; sourceTree = "<group>"; };
		899C8F652994A4AC0001AC43 /* Shared.swift */ = {isa = PBXFileReference; lastKnownFileType = sourcecode.swift; path = Shared.swift; sourceTree = "<group>"; };
		899C8F672994BD9F0001AC43 /* FixtureViewController.swift */ = {isa = PBXFileReference; lastKnownFileType = sourcecode.swift; path = FixtureViewController.swift; sourceTree = "<group>"; };
		899C8F692994BDC60001AC43 /* Fixture.storyboard */ = {isa = PBXFileReference; lastKnownFileType = file.storyboard; path = Fixture.storyboard; sourceTree = "<group>"; };
		899C8F6B2994C21B0001AC43 /* FixtureViewModel.swift */ = {isa = PBXFileReference; lastKnownFileType = sourcecode.swift; path = FixtureViewModel.swift; sourceTree = "<group>"; };
		899C8F6E2994CCE00001AC43 /* LiveMatchCVCell.swift */ = {isa = PBXFileReference; lastKnownFileType = sourcecode.swift; path = LiveMatchCVCell.swift; sourceTree = "<group>"; };
		899C8F6F2994CCE00001AC43 /* LiveMatchCVCell.xib */ = {isa = PBXFileReference; lastKnownFileType = file.xib; path = LiveMatchCVCell.xib; sourceTree = "<group>"; };
		89D37C3E299A356C0059C1D0 /* MatchInfoViewController.swift */ = {isa = PBXFileReference; lastKnownFileType = sourcecode.swift; path = MatchInfoViewController.swift; sourceTree = "<group>"; };
		89D37C41299A37120059C1D0 /* InfoTableViewCell.swift */ = {isa = PBXFileReference; lastKnownFileType = sourcecode.swift; path = InfoTableViewCell.swift; sourceTree = "<group>"; };
		89D37C42299A37130059C1D0 /* InfoTableViewCell.xib */ = {isa = PBXFileReference; lastKnownFileType = file.xib; path = InfoTableViewCell.xib; sourceTree = "<group>"; };
		89D682E4299B625A00E19032 /* TeamFormTVHeaderFooterView.swift */ = {isa = PBXFileReference; lastKnownFileType = sourcecode.swift; path = TeamFormTVHeaderFooterView.swift; sourceTree = "<group>"; };
		89D682E6299B6E2500E19032 /* TeamFormTVHeaderFooterView.xib */ = {isa = PBXFileReference; lastKnownFileType = file.xib; path = TeamFormTVHeaderFooterView.xib; sourceTree = "<group>"; };
		89E1DB722994DEB9008452C3 /* Assets.xcassets */ = {isa = PBXFileReference; lastKnownFileType = folder.assetcatalog; path = Assets.xcassets; sourceTree = "<group>"; };
		89E1DB742994E2E4008452C3 /* Constants.swift */ = {isa = PBXFileReference; lastKnownFileType = sourcecode.swift; path = Constants.swift; sourceTree = "<group>"; };
		89E1DB7E299522DB008452C3 /* RecentMatchTVCell.swift */ = {isa = PBXFileReference; lastKnownFileType = sourcecode.swift; path = RecentMatchTVCell.swift; sourceTree = "<group>"; };
		89E1DB7F299522DB008452C3 /* RecentMatchTVCell.xib */ = {isa = PBXFileReference; lastKnownFileType = file.xib; path = RecentMatchTVCell.xib; sourceTree = "<group>"; };
/* End PBXFileReference section */

/* Begin PBXFrameworksBuildPhase section */
		899C8F4029948FE00001AC43 /* Frameworks */ = {
			isa = PBXFrameworksBuildPhase;
			buildActionMask = 2147483647;
			files = (
				1158FB18FBB2833E0B0FDC40 /* Pods_CricketZone.framework in Frameworks */,
			);
			runOnlyForDeploymentPostprocessing = 0;
		};
/* End PBXFrameworksBuildPhase section */

/* Begin PBXGroup section */
		1446150A3703E7B33F1DC0DA /* Frameworks */ = {
			isa = PBXGroup;
			children = (
				3BDD9269FE801248C9C98B8A /* Pods_CricketZone.framework */,
			);
			name = Frameworks;
			sourceTree = "<group>";
		};
		2A9D4C6C147FFE8B7C7046DD /* Pods */ = {
			isa = PBXGroup;
			children = (
				031C575EC0964D1EC9F7ACAD /* Pods-CricketZone.debug.xcconfig */,
				1FAE0122A389898F2860FB95 /* Pods-CricketZone.release.xcconfig */,
			);
			path = Pods;
			sourceTree = "<group>";
		};
		350014792995576B001D814C /* Recent Match Cell */ = {
			isa = PBXGroup;
			children = (
				89E1DB7E299522DB008452C3 /* RecentMatchTVCell.swift */,
				89E1DB7F299522DB008452C3 /* RecentMatchTVCell.xib */,
			);
			path = "Recent Match Cell";
			sourceTree = "<group>";
		};
		3500147A299557A2001D814C /* Live Match Cell */ = {
			isa = PBXGroup;
			children = (
				899C8F6E2994CCE00001AC43 /* LiveMatchCVCell.swift */,
				899C8F6F2994CCE00001AC43 /* LiveMatchCVCell.xib */,
			);
			path = "Live Match Cell";
			sourceTree = "<group>";
		};
		35331D1B299D43F300E5C6D1 /* Model */ = {
			isa = PBXGroup;
			children = (
				895CE68C299601B200150362 /* FixtureModel.swift */,
				899C341E2999DC6200E18031 /* MatchDetailsModel.swift */,
				849EAEE3299E20B100A39B6D /* PlayerDetailsModel.swift */,
				35DBE91A29A20B77000A0E5F /* DateModel.swift */,
				35DBE92029A25C26000A0E5F /* LeagueModel.swift */,
				84D3AF7E29A30EB900B22C38 /* Player.swift */,
				356EADEF29A4A67E00F69FDA /* TeamRankingModel.swift */,
				356EADFE29A5351200F69FDA /* SeasonModel.swift */,
			);
			path = Model;
			sourceTree = "<group>";
		};
		35331D1C299D4EAA00E5C6D1 /* Home */ = {
			isa = PBXGroup;
			children = (
				899C8F5D2994A0E80001AC43 /* HomeViewController.swift */,
				899C8F612994A11E0001AC43 /* Home.storyboard */,
			);
			path = Home;
			sourceTree = "<group>";
		};
		35331D1D299D4F7000E5C6D1 /* Team Form Header */ = {
			isa = PBXGroup;
			children = (
				89D682E4299B625A00E19032 /* TeamFormTVHeaderFooterView.swift */,
				89D682E6299B6E2500E19032 /* TeamFormTVHeaderFooterView.xib */,
			);
			path = "Team Form Header";
			sourceTree = "<group>";
		};
		35331D1E299D4F8E00E5C6D1 /* Score Card Header */ = {
			isa = PBXGroup;
			children = (
				892E20A9299C7B8000DECB9B /* ScoreCardTVHeaderView.swift */,
				892E20AB299C7BAB00DECB9B /* ScoreCardTVHeaderView.xib */,
			);
			path = "Score Card Header";
			sourceTree = "<group>";
		};
		35331D1F299D4FAC00E5C6D1 /* Score Card Cell */ = {
			isa = PBXGroup;
			children = (
				892E20AD299C849800DECB9B /* ScoreCardTableViewCell.swift */,
				892E20AE299C849800DECB9B /* ScoreCardTableViewCell.xib */,
			);
			path = "Score Card Cell";
			sourceTree = "<group>";
		};
		356EADF129A4A80800F69FDA /* League Cell */ = {
			isa = PBXGroup;
			children = (
				35DBE91C29A25B02000A0E5F /* LeagueCollectionViewCell.swift */,
				35DBE91D29A25B02000A0E5F /* LeagueCollectionViewCell.xib */,
			);
			path = "League Cell";
			sourceTree = "<group>";
		};
		356EADF229A4C28500F69FDA /* Rank Header */ = {
			isa = PBXGroup;
			children = (
				356EADF329A4C2B100F69FDA /* RankTableViewHeader.swift */,
				356EADF529A4C2D000F69FDA /* RankTableViewHeader.xib */,
			);
			path = "Rank Header";
			sourceTree = "<group>";
		};
		35DBE91529A207C9000A0E5F /* calendar Cell */ = {
			isa = PBXGroup;
			children = (
				35DBE91629A2087D000A0E5F /* CalendarCollectionViewCell.swift */,
				35DBE91729A2087D000A0E5F /* CalendarCollectionViewCell.xib */,
			);
			path = "calendar Cell";
			sourceTree = "<group>";
		};
		35DBE92229A285AB000A0E5F /* Player */ = {
			isa = PBXGroup;
			children = (
				35DBE92329A285C0000A0E5F /* Player.storyboard */,
				84D3AF8029A3386400B22C38 /* PlayerViewController.swift */,
			);
			path = Player;
			sourceTree = "<group>";
		};
		35DBE92529A2871C000A0E5F /* Rank */ = {
			isa = PBXGroup;
			children = (
				35DBE92629A2872B000A0E5F /* Rank.storyboard */,
				84D3AF8429A39ED700B22C38 /* RankViewController.swift */,
			);
			path = Rank;
			sourceTree = "<group>";
		};
		35DBE92C29A2A504000A0E5F /* Storage */ = {
			isa = PBXGroup;
			children = (
				35DBE93929A2A652000A0E5F /* Core Data */,
				35DBE93B29A2A6F6000A0E5F /* UserDefaultsHelper.swift */,
				35DBE93D29A2A740000A0E5F /* CoreDataHelper.swift */,
			);
			path = Storage;
			sourceTree = "<group>";
		};
		35DBE93929A2A652000A0E5F /* Core Data */ = {
			isa = PBXGroup;
			children = (
				35DBE93529A2A622000A0E5F /* PlayerModel+CoreDataClass.swift */,
				35DBE93629A2A622000A0E5F /* PlayerModel+CoreDataProperties.swift */,
			);
			path = "Core Data";
			sourceTree = "<group>";
		};
		35FC945929A12A490071DC0D /* Win Probability Cell */ = {
			isa = PBXGroup;
			children = (
				35FC945529A12A1D0071DC0D /* WinProbabilityTableViewCell.swift */,
				35FC945629A12A1D0071DC0D /* WinProbabilityTableViewCell.xib */,
			);
			path = "Win Probability Cell";
			sourceTree = "<group>";
		};
		848812F1299F5F04004DDBA8 /* Player Team Cell */ = {
			isa = PBXGroup;
			children = (
				848812F2299F5F35004DDBA8 /* PlayerTeamTableViewCell.swift */,
				848812F3299F5F35004DDBA8 /* PlayerTeamTableViewCell.xib */,
			);
			path = "Player Team Cell";
			sourceTree = "<group>";
		};
		84D3AF8629A3A7E800B22C38 /* Rank Cell */ = {
			isa = PBXGroup;
			children = (
				84D3AF8729A3A80A00B22C38 /* RankTableViewCell.swift */,
				84D3AF8829A3A80A00B22C38 /* RankTableViewCell.xib */,
			);
			path = "Rank Cell";
			sourceTree = "<group>";
		};
		84D8D006299F2C9000AA4925 /* Player Info Cell */ = {
			isa = PBXGroup;
			children = (
				84D8D007299F2CB600AA4925 /* PlayerInfoTableViewCell.swift */,
				84D8D008299F2CB600AA4925 /* PlayerInfoTableViewCell.xib */,
			);
			name = "Player Info Cell";
			path = "../Player Info Cell";
			sourceTree = "<group>";
		};
		84E0615D299F724300834048 /* Player Team Header */ = {
			isa = PBXGroup;
			children = (
				84E0615E299F747200834048 /* PlayerTeamUITableViewHeaderView.swift */,
				84E06160299F74A000834048 /* PlayerTeamUITableViewHeaderView.xib */,
			);
			path = "Player Team Header";
			sourceTree = "<group>";
		};
		84E06164299F983D00834048 /* Player Career Cell */ = {
			isa = PBXGroup;
			children = (
				84E06165299F98E700834048 /* PlayerCareerTableViewCell.swift */,
				84E06166299F98E700834048 /* PlayerCareerTableViewCell.xib */,
				35FC944D29A0DABD0071DC0D /* PlayerBowlingCareerTableViewCell.swift */,
				35FC944E29A0DABD0071DC0D /* PlayerBowlingCareerTableViewCell.xib */,
			);
			path = "Player Career Cell";
			sourceTree = "<group>";
		};
		84EEB726299DEBE50058242B /* Player Cell */ = {
			isa = PBXGroup;
			children = (
				84EEB721299DD76E0058242B /* PlayerTableViewCell.xib */,
				84EEB720299DD76E0058242B /* PlayerTableViewCell.swift */,
			);
			path = "Player Cell";
			sourceTree = "<group>";
		};
		84EEB72B299DF7660058242B /* Player Details */ = {
			isa = PBXGroup;
			children = (
				84EEB729299DF6970058242B /* PlayerDetailsViewController.swift */,
				849EAEDF299DF7F900A39B6D /* PlayerDetails.storyboard */,
			);
			path = "Player Details";
			sourceTree = "<group>";
		};
		892E20B1299C862900DECB9B /* Xib */ = {
			isa = PBXGroup;
			children = (
				35FC945929A12A490071DC0D /* Win Probability Cell */,
				89D37C40299A35740059C1D0 /* Match Info Cell */,
				350014792995576B001D814C /* Recent Match Cell */,
				3500147A299557A2001D814C /* Live Match Cell */,
				35331D1D299D4F7000E5C6D1 /* Team Form Header */,
				35331D1E299D4F8E00E5C6D1 /* Score Card Header */,
				35331D1F299D4FAC00E5C6D1 /* Score Card Cell */,
				84EEB726299DEBE50058242B /* Player Cell */,
				84D8D006299F2C9000AA4925 /* Player Info Cell */,
				848812F1299F5F04004DDBA8 /* Player Team Cell */,
				84E0615D299F724300834048 /* Player Team Header */,
				84E06164299F983D00834048 /* Player Career Cell */,
				356EADF129A4A80800F69FDA /* League Cell */,
				35DBE91529A207C9000A0E5F /* calendar Cell */,
				356EADF229A4C28500F69FDA /* Rank Header */,
				84D3AF8629A3A7E800B22C38 /* Rank Cell */,
			);
			path = Xib;
			sourceTree = "<group>";
		};
		892E20B2299CA1D800DECB9B /* View Model */ = {
			isa = PBXGroup;
			children = (
				899C8F5F2994A1000001AC43 /* HomeViewModel.swift */,
				899C8F6B2994C21B0001AC43 /* FixtureViewModel.swift */,
				35FAC680299802910069DEB4 /* MatchDetailsViewModel.swift */,
				892E20B3299CA21900DECB9B /* ScoreCardViewModel.swift */,
				84EEB724299DE1480058242B /* SquadViewModel.swift */,
				849EAEE1299E192600A39B6D /* PlayerDetailsViewModel.swift */,
				35FC944729A0B92C0071DC0D /* PlayerCareerViewModel.swift */,
				35FC945329A10EAD0071DC0D /* LiveScoreViewModel.swift */,
				84D3AF8229A33DD900B22C38 /* PlayerViewModel.swift */,
				356EADF729A4CEA500F69FDA /* RankViewModel.swift */,
			);
			path = "View Model";
			sourceTree = "<group>";
		};
		895CE68B2995F0E100150362 /* API */ = {
			isa = PBXGroup;
			children = (
				895CE6892995EA8000150362 /* APIService.swift */,
				895CE68E2996064200150362 /* cricketAPIConfig.swift */,
			);
			path = API;
			sourceTree = "<group>";
		};
		899C8F3A29948FE00001AC43 = {
			isa = PBXGroup;
			children = (
				899C8F4529948FE00001AC43 /* CricketZone */,
				899C8F4429948FE00001AC43 /* Products */,
				2A9D4C6C147FFE8B7C7046DD /* Pods */,
				1446150A3703E7B33F1DC0DA /* Frameworks */,
			);
			sourceTree = "<group>";
		};
		899C8F4429948FE00001AC43 /* Products */ = {
			isa = PBXGroup;
			children = (
				899C8F4329948FE00001AC43 /* CricketZone.app */,
			);
			name = Products;
			sourceTree = "<group>";
		};
		899C8F4529948FE00001AC43 /* CricketZone */ = {
			isa = PBXGroup;
			children = (
				899C8F4629948FE00001AC43 /* AppDelegate.swift */,
				899C8F4829948FE00001AC43 /* SceneDelegate.swift */,
				35DBE92C29A2A504000A0E5F /* Storage */,
				89E1DB742994E2E4008452C3 /* Constants.swift */,
				899C8F642994A4990001AC43 /* Shared */,
				895CE68B2995F0E100150362 /* API */,
				35331D1B299D43F300E5C6D1 /* Model */,
				89D682E3299B613300E19032 /* View */,
				892E20B2299CA1D800DECB9B /* View Model */,
				89E1DB722994DEB9008452C3 /* Assets.xcassets */,
				899C8F5729948FE40001AC43 /* Info.plist */,
				899C8F4F29948FE00001AC43 /* CricketZone.xcdatamodeld */,
			);
			path = CricketZone;
			sourceTree = "<group>";
		};
		899C8F642994A4990001AC43 /* Shared */ = {
			isa = PBXGroup;
			children = (
				899C8F652994A4AC0001AC43 /* Shared.swift */,
				35DBE92829A29AD8000A0E5F /* TabViewController.swift */,
			);
			path = Shared;
			sourceTree = "<group>";
		};
		899C8F6D2994C2F60001AC43 /* Fixture */ = {
			isa = PBXGroup;
			children = (
				899C8F672994BD9F0001AC43 /* FixtureViewController.swift */,
				899C8F692994BDC60001AC43 /* Fixture.storyboard */,
			);
			path = Fixture;
			sourceTree = "<group>";
		};
		89D37C40299A35740059C1D0 /* Match Info Cell */ = {
			isa = PBXGroup;
			children = (
				89D37C41299A37120059C1D0 /* InfoTableViewCell.swift */,
				89D37C42299A37130059C1D0 /* InfoTableViewCell.xib */,
			);
			path = "Match Info Cell";
			sourceTree = "<group>";
		};
		89D682E3299B613300E19032 /* View */ = {
			isa = PBXGroup;
			children = (
				892E20B1299C862900DECB9B /* Xib */,
				35331D1C299D4EAA00E5C6D1 /* Home */,
				899C8F6D2994C2F60001AC43 /* Fixture */,
				35DBE92229A285AB000A0E5F /* Player */,
				84EEB72B299DF7660058242B /* Player Details */,
				35DBE92529A2871C000A0E5F /* Rank */,
				35FAC67D299802740069DEB4 /* MatchDetailsViewController.swift */,
				89D37C3E299A356C0059C1D0 /* MatchInfoViewController.swift */,
				892E20A7299C75CF00DECB9B /* ScoreCardViewController.swift */,
				84EEB71E299DD26D0058242B /* SquadViewController.swift */,
				84B1E17C299F2B29009571A8 /* PlayerOverviewViewController.swift */,
				848812EF299F52DF004DDBA8 /* PlayerTeamsViewController.swift */,
				84E06162299F8CF200834048 /* PlayerCareerViewController.swift */,
				899C8F4C29948FE00001AC43 /* Main.storyboard */,
				899C8F5429948FE40001AC43 /* LaunchScreen.storyboard */,
				35FC945129A10A390071DC0D /* LiveScoreViewController.swift */,
			);
			path = View;
			sourceTree = "<group>";
		};
/* End PBXGroup section */

/* Begin PBXNativeTarget section */
		899C8F4229948FE00001AC43 /* CricketZone */ = {
			isa = PBXNativeTarget;
			buildConfigurationList = 899C8F5A29948FE40001AC43 /* Build configuration list for PBXNativeTarget "CricketZone" */;
			buildPhases = (
				E207192C0CCA923D80C5A9BD /* [CP] Check Pods Manifest.lock */,
				899C8F3F29948FE00001AC43 /* Sources */,
				899C8F4029948FE00001AC43 /* Frameworks */,
				899C8F4129948FE00001AC43 /* Resources */,
				8DF088E4451B07C8362390CE /* [CP] Embed Pods Frameworks */,
			);
			buildRules = (
			);
			dependencies = (
			);
			name = CricketZone;
			productName = CricketZone;
			productReference = 899C8F4329948FE00001AC43 /* CricketZone.app */;
			productType = "com.apple.product-type.application";
		};
/* End PBXNativeTarget section */

/* Begin PBXProject section */
		899C8F3B29948FE00001AC43 /* Project object */ = {
			isa = PBXProject;
			attributes = {
				BuildIndependentTargetsInParallel = 1;
				LastSwiftUpdateCheck = 1340;
				LastUpgradeCheck = 1340;
				TargetAttributes = {
					899C8F4229948FE00001AC43 = {
						CreatedOnToolsVersion = 13.4.1;
					};
				};
			};
			buildConfigurationList = 899C8F3E29948FE00001AC43 /* Build configuration list for PBXProject "CricketZone" */;
			compatibilityVersion = "Xcode 13.0";
			developmentRegion = en;
			hasScannedForEncodings = 0;
			knownRegions = (
				en,
				Base,
			);
			mainGroup = 899C8F3A29948FE00001AC43;
			productRefGroup = 899C8F4429948FE00001AC43 /* Products */;
			projectDirPath = "";
			projectRoot = "";
			targets = (
				899C8F4229948FE00001AC43 /* CricketZone */,
			);
		};
/* End PBXProject section */

/* Begin PBXResourcesBuildPhase section */
		899C8F4129948FE00001AC43 /* Resources */ = {
			isa = PBXResourcesBuildPhase;
			buildActionMask = 2147483647;
			files = (
				84E06168299F98E700834048 /* PlayerCareerTableViewCell.xib in Resources */,
				892E20B0299C849800DECB9B /* ScoreCardTableViewCell.xib in Resources */,
				892E20AC299C7BAB00DECB9B /* ScoreCardTVHeaderView.xib in Resources */,
				899C8F6A2994BDC60001AC43 /* Fixture.storyboard in Resources */,
				849EAEE0299DF7F900A39B6D /* PlayerDetails.storyboard in Resources */,
				899C8F5629948FE40001AC43 /* LaunchScreen.storyboard in Resources */,
				84E06161299F74A000834048 /* PlayerTeamUITableViewHeaderView.xib in Resources */,
				35DBE92429A285C0000A0E5F /* Player.storyboard in Resources */,
				35FC945029A0DABD0071DC0D /* PlayerBowlingCareerTableViewCell.xib in Resources */,
				35DBE91929A2087D000A0E5F /* CalendarCollectionViewCell.xib in Resources */,
				899C8F712994CCE00001AC43 /* LiveMatchCVCell.xib in Resources */,
				35FC945829A12A1D0071DC0D /* WinProbabilityTableViewCell.xib in Resources */,
				899C8F4E29948FE00001AC43 /* Main.storyboard in Resources */,
				84D3AF8A29A3A80A00B22C38 /* RankTableViewCell.xib in Resources */,
				89E1DB81299522DB008452C3 /* RecentMatchTVCell.xib in Resources */,
				848812F5299F5F35004DDBA8 /* PlayerTeamTableViewCell.xib in Resources */,
				89D37C44299A37130059C1D0 /* InfoTableViewCell.xib in Resources */,
				84EEB723299DD76E0058242B /* PlayerTableViewCell.xib in Resources */,
				89E1DB732994DEB9008452C3 /* Assets.xcassets in Resources */,
				35DBE91F29A25B02000A0E5F /* LeagueCollectionViewCell.xib in Resources */,
				35DBE92729A2872B000A0E5F /* Rank.storyboard in Resources */,
				356EADF629A4C2D000F69FDA /* RankTableViewHeader.xib in Resources */,
				899C8F622994A11E0001AC43 /* Home.storyboard in Resources */,
				84D8D00A299F2CB600AA4925 /* PlayerInfoTableViewCell.xib in Resources */,
				89D682E7299B6E2500E19032 /* TeamFormTVHeaderFooterView.xib in Resources */,
			);
			runOnlyForDeploymentPostprocessing = 0;
		};
/* End PBXResourcesBuildPhase section */

/* Begin PBXShellScriptBuildPhase section */
		8DF088E4451B07C8362390CE /* [CP] Embed Pods Frameworks */ = {
			isa = PBXShellScriptBuildPhase;
			buildActionMask = 2147483647;
			files = (
			);
			inputFileListPaths = (
				"${PODS_ROOT}/Target Support Files/Pods-CricketZone/Pods-CricketZone-frameworks-${CONFIGURATION}-input-files.xcfilelist",
			);
			name = "[CP] Embed Pods Frameworks";
			outputFileListPaths = (
				"${PODS_ROOT}/Target Support Files/Pods-CricketZone/Pods-CricketZone-frameworks-${CONFIGURATION}-output-files.xcfilelist",
			);
			runOnlyForDeploymentPostprocessing = 0;
			shellPath = /bin/sh;
			shellScript = "\"${PODS_ROOT}/Target Support Files/Pods-CricketZone/Pods-CricketZone-frameworks.sh\"\n";
			showEnvVarsInLog = 0;
		};
		E207192C0CCA923D80C5A9BD /* [CP] Check Pods Manifest.lock */ = {
			isa = PBXShellScriptBuildPhase;
			buildActionMask = 2147483647;
			files = (
			);
			inputFileListPaths = (
			);
			inputPaths = (
				"${PODS_PODFILE_DIR_PATH}/Podfile.lock",
				"${PODS_ROOT}/Manifest.lock",
			);
			name = "[CP] Check Pods Manifest.lock";
			outputFileListPaths = (
			);
			outputPaths = (
				"$(DERIVED_FILE_DIR)/Pods-CricketZone-checkManifestLockResult.txt",
			);
			runOnlyForDeploymentPostprocessing = 0;
			shellPath = /bin/sh;
			shellScript = "diff \"${PODS_PODFILE_DIR_PATH}/Podfile.lock\" \"${PODS_ROOT}/Manifest.lock\" > /dev/null\nif [ $? != 0 ] ; then\n    # print error to STDERR\n    echo \"error: The sandbox is not in sync with the Podfile.lock. Run 'pod install' or update your CocoaPods installation.\" >&2\n    exit 1\nfi\n# This output is used by Xcode 'outputs' to avoid re-running this script phase.\necho \"SUCCESS\" > \"${SCRIPT_OUTPUT_FILE_0}\"\n";
			showEnvVarsInLog = 0;
		};
/* End PBXShellScriptBuildPhase section */

/* Begin PBXSourcesBuildPhase section */
		899C8F3F29948FE00001AC43 /* Sources */ = {
			isa = PBXSourcesBuildPhase;
			buildActionMask = 2147483647;
			files = (
				35DBE93829A2A622000A0E5F /* PlayerModel+CoreDataProperties.swift in Sources */,
				899C8F662994A4AC0001AC43 /* Shared.swift in Sources */,
				848812F0299F52DF004DDBA8 /* PlayerTeamsViewController.swift in Sources */,
				892E20A8299C75CF00DECB9B /* ScoreCardViewController.swift in Sources */,
				356EADF029A4A67E00F69FDA /* TeamRankingModel.swift in Sources */,
				35DBE92929A29AD8000A0E5F /* TabViewController.swift in Sources */,
				899C8F5129948FE00001AC43 /* CricketZone.xcdatamodeld in Sources */,
				892E20AF299C849800DECB9B /* ScoreCardTableViewCell.swift in Sources */,
				35FAC67E299802740069DEB4 /* MatchDetailsViewController.swift in Sources */,
				892E20B4299CA21900DECB9B /* ScoreCardViewModel.swift in Sources */,
				84D3AF8329A33DD900B22C38 /* PlayerViewModel.swift in Sources */,
				84EEB722299DD76E0058242B /* PlayerTableViewCell.swift in Sources */,
				892E20AA299C7B8000DECB9B /* ScoreCardTVHeaderView.swift in Sources */,
				35DBE93C29A2A6F6000A0E5F /* UserDefaultsHelper.swift in Sources */,
				895CE68F2996064200150362 /* cricketAPIConfig.swift in Sources */,
				84EEB71F299DD26D0058242B /* SquadViewController.swift in Sources */,
				84E06167299F98E700834048 /* PlayerCareerTableViewCell.swift in Sources */,
				84EEB72A299DF6970058242B /* PlayerDetailsViewController.swift in Sources */,
				84D3AF8929A3A80A00B22C38 /* RankTableViewCell.swift in Sources */,
				849EAEE2299E192600A39B6D /* PlayerDetailsViewModel.swift in Sources */,
				35DBE91829A2087D000A0E5F /* CalendarCollectionViewCell.swift in Sources */,
				848812F4299F5F35004DDBA8 /* PlayerTeamTableViewCell.swift in Sources */,
				35FC944829A0B92C0071DC0D /* PlayerCareerViewModel.swift in Sources */,
				84E06163299F8CF200834048 /* PlayerCareerViewController.swift in Sources */,
				89D37C3F299A356C0059C1D0 /* MatchInfoViewController.swift in Sources */,
				35DBE91E29A25B02000A0E5F /* LeagueCollectionViewCell.swift in Sources */,
				899C8F702994CCE00001AC43 /* LiveMatchCVCell.swift in Sources */,
				35FAC681299802910069DEB4 /* MatchDetailsViewModel.swift in Sources */,
				35DBE93729A2A622000A0E5F /* PlayerModel+CoreDataClass.swift in Sources */,
				899C8F4729948FE00001AC43 /* AppDelegate.swift in Sources */,
				356EADF429A4C2B100F69FDA /* RankTableViewHeader.swift in Sources */,
				899C8F4929948FE00001AC43 /* SceneDelegate.swift in Sources */,
				35DBE92129A25C27000A0E5F /* LeagueModel.swift in Sources */,
				89E1DB80299522DB008452C3 /* RecentMatchTVCell.swift in Sources */,
				899C8F6C2994C21B0001AC43 /* FixtureViewModel.swift in Sources */,
				89D37C43299A37130059C1D0 /* InfoTableViewCell.swift in Sources */,
				84D8D009299F2CB600AA4925 /* PlayerInfoTableViewCell.swift in Sources */,
				356EADF829A4CEA500F69FDA /* RankViewModel.swift in Sources */,
				35DBE93E29A2A740000A0E5F /* CoreDataHelper.swift in Sources */,
				899C8F682994BD9F0001AC43 /* FixtureViewController.swift in Sources */,
				35FC945229A10A390071DC0D /* LiveScoreViewController.swift in Sources */,
				35DBE91B29A20B77000A0E5F /* DateModel.swift in Sources */,
				89E1DB752994E2E4008452C3 /* Constants.swift in Sources */,
				899C8F602994A1000001AC43 /* HomeViewModel.swift in Sources */,
				84B1E17D299F2B29009571A8 /* PlayerOverviewViewController.swift in Sources */,
				895CE68A2995EA8000150362 /* APIService.swift in Sources */,
				84E0615F299F747200834048 /* PlayerTeamUITableViewHeaderView.swift in Sources */,
				35FC944F29A0DABD0071DC0D /* PlayerBowlingCareerTableViewCell.swift in Sources */,
				35FC945429A10EAD0071DC0D /* LiveScoreViewModel.swift in Sources */,
				84D3AF8529A39ED700B22C38 /* RankViewController.swift in Sources */,
				356EADFF29A5351200F69FDA /* SeasonModel.swift in Sources */,
				84D3AF7F29A30EB900B22C38 /* Player.swift in Sources */,
				84EEB725299DE1480058242B /* SquadViewModel.swift in Sources */,
				35FC945729A12A1D0071DC0D /* WinProbabilityTableViewCell.swift in Sources */,
				849EAEE4299E20B100A39B6D /* PlayerDetailsModel.swift in Sources */,
				899C341F2999DC6200E18031 /* MatchDetailsModel.swift in Sources */,
				899C8F5E2994A0E80001AC43 /* HomeViewController.swift in Sources */,
				84D3AF8129A3386400B22C38 /* PlayerViewController.swift in Sources */,
				89D682E5299B625A00E19032 /* TeamFormTVHeaderFooterView.swift in Sources */,
				895CE68D299601B200150362 /* FixtureModel.swift in Sources */,
			);
			runOnlyForDeploymentPostprocessing = 0;
		};
/* End PBXSourcesBuildPhase section */

/* Begin PBXVariantGroup section */
		899C8F4C29948FE00001AC43 /* Main.storyboard */ = {
			isa = PBXVariantGroup;
			children = (
				899C8F4D29948FE00001AC43 /* Base */,
			);
			name = Main.storyboard;
			sourceTree = "<group>";
		};
		899C8F5429948FE40001AC43 /* LaunchScreen.storyboard */ = {
			isa = PBXVariantGroup;
			children = (
				899C8F5529948FE40001AC43 /* Base */,
			);
			name = LaunchScreen.storyboard;
			sourceTree = "<group>";
		};
/* End PBXVariantGroup section */

/* Begin XCBuildConfiguration section */
		899C8F5829948FE40001AC43 /* Debug */ = {
			isa = XCBuildConfiguration;
			buildSettings = {
				ALWAYS_SEARCH_USER_PATHS = NO;
				CLANG_ANALYZER_NONNULL = YES;
				CLANG_ANALYZER_NUMBER_OBJECT_CONVERSION = YES_AGGRESSIVE;
				CLANG_CXX_LANGUAGE_STANDARD = "gnu++17";
				CLANG_ENABLE_MODULES = YES;
				CLANG_ENABLE_OBJC_ARC = YES;
				CLANG_ENABLE_OBJC_WEAK = YES;
				CLANG_WARN_BLOCK_CAPTURE_AUTORELEASING = YES;
				CLANG_WARN_BOOL_CONVERSION = YES;
				CLANG_WARN_COMMA = YES;
				CLANG_WARN_CONSTANT_CONVERSION = YES;
				CLANG_WARN_DEPRECATED_OBJC_IMPLEMENTATIONS = YES;
				CLANG_WARN_DIRECT_OBJC_ISA_USAGE = YES_ERROR;
				CLANG_WARN_DOCUMENTATION_COMMENTS = YES;
				CLANG_WARN_EMPTY_BODY = YES;
				CLANG_WARN_ENUM_CONVERSION = YES;
				CLANG_WARN_INFINITE_RECURSION = YES;
				CLANG_WARN_INT_CONVERSION = YES;
				CLANG_WARN_NON_LITERAL_NULL_CONVERSION = YES;
				CLANG_WARN_OBJC_IMPLICIT_RETAIN_SELF = YES;
				CLANG_WARN_OBJC_LITERAL_CONVERSION = YES;
				CLANG_WARN_OBJC_ROOT_CLASS = YES_ERROR;
				CLANG_WARN_QUOTED_INCLUDE_IN_FRAMEWORK_HEADER = YES;
				CLANG_WARN_RANGE_LOOP_ANALYSIS = YES;
				CLANG_WARN_STRICT_PROTOTYPES = YES;
				CLANG_WARN_SUSPICIOUS_MOVE = YES;
				CLANG_WARN_UNGUARDED_AVAILABILITY = YES_AGGRESSIVE;
				CLANG_WARN_UNREACHABLE_CODE = YES;
				CLANG_WARN__DUPLICATE_METHOD_MATCH = YES;
				COPY_PHASE_STRIP = NO;
				DEBUG_INFORMATION_FORMAT = dwarf;
				ENABLE_STRICT_OBJC_MSGSEND = YES;
				ENABLE_TESTABILITY = YES;
				GCC_C_LANGUAGE_STANDARD = gnu11;
				GCC_DYNAMIC_NO_PIC = NO;
				GCC_NO_COMMON_BLOCKS = YES;
				GCC_OPTIMIZATION_LEVEL = 0;
				GCC_PREPROCESSOR_DEFINITIONS = (
					"DEBUG=1",
					"$(inherited)",
				);
				GCC_WARN_64_TO_32_BIT_CONVERSION = YES;
				GCC_WARN_ABOUT_RETURN_TYPE = YES_ERROR;
				GCC_WARN_UNDECLARED_SELECTOR = YES;
				GCC_WARN_UNINITIALIZED_AUTOS = YES_AGGRESSIVE;
				GCC_WARN_UNUSED_FUNCTION = YES;
				GCC_WARN_UNUSED_VARIABLE = YES;
				IPHONEOS_DEPLOYMENT_TARGET = 15.5;
				MTL_ENABLE_DEBUG_INFO = INCLUDE_SOURCE;
				MTL_FAST_MATH = YES;
				ONLY_ACTIVE_ARCH = YES;
				SDKROOT = iphoneos;
				SWIFT_ACTIVE_COMPILATION_CONDITIONS = DEBUG;
				SWIFT_OPTIMIZATION_LEVEL = "-Onone";
			};
			name = Debug;
		};
		899C8F5929948FE40001AC43 /* Release */ = {
			isa = XCBuildConfiguration;
			buildSettings = {
				ALWAYS_SEARCH_USER_PATHS = NO;
				CLANG_ANALYZER_NONNULL = YES;
				CLANG_ANALYZER_NUMBER_OBJECT_CONVERSION = YES_AGGRESSIVE;
				CLANG_CXX_LANGUAGE_STANDARD = "gnu++17";
				CLANG_ENABLE_MODULES = YES;
				CLANG_ENABLE_OBJC_ARC = YES;
				CLANG_ENABLE_OBJC_WEAK = YES;
				CLANG_WARN_BLOCK_CAPTURE_AUTORELEASING = YES;
				CLANG_WARN_BOOL_CONVERSION = YES;
				CLANG_WARN_COMMA = YES;
				CLANG_WARN_CONSTANT_CONVERSION = YES;
				CLANG_WARN_DEPRECATED_OBJC_IMPLEMENTATIONS = YES;
				CLANG_WARN_DIRECT_OBJC_ISA_USAGE = YES_ERROR;
				CLANG_WARN_DOCUMENTATION_COMMENTS = YES;
				CLANG_WARN_EMPTY_BODY = YES;
				CLANG_WARN_ENUM_CONVERSION = YES;
				CLANG_WARN_INFINITE_RECURSION = YES;
				CLANG_WARN_INT_CONVERSION = YES;
				CLANG_WARN_NON_LITERAL_NULL_CONVERSION = YES;
				CLANG_WARN_OBJC_IMPLICIT_RETAIN_SELF = YES;
				CLANG_WARN_OBJC_LITERAL_CONVERSION = YES;
				CLANG_WARN_OBJC_ROOT_CLASS = YES_ERROR;
				CLANG_WARN_QUOTED_INCLUDE_IN_FRAMEWORK_HEADER = YES;
				CLANG_WARN_RANGE_LOOP_ANALYSIS = YES;
				CLANG_WARN_STRICT_PROTOTYPES = YES;
				CLANG_WARN_SUSPICIOUS_MOVE = YES;
				CLANG_WARN_UNGUARDED_AVAILABILITY = YES_AGGRESSIVE;
				CLANG_WARN_UNREACHABLE_CODE = YES;
				CLANG_WARN__DUPLICATE_METHOD_MATCH = YES;
				COPY_PHASE_STRIP = NO;
				DEBUG_INFORMATION_FORMAT = "dwarf-with-dsym";
				ENABLE_NS_ASSERTIONS = NO;
				ENABLE_STRICT_OBJC_MSGSEND = YES;
				GCC_C_LANGUAGE_STANDARD = gnu11;
				GCC_NO_COMMON_BLOCKS = YES;
				GCC_WARN_64_TO_32_BIT_CONVERSION = YES;
				GCC_WARN_ABOUT_RETURN_TYPE = YES_ERROR;
				GCC_WARN_UNDECLARED_SELECTOR = YES;
				GCC_WARN_UNINITIALIZED_AUTOS = YES_AGGRESSIVE;
				GCC_WARN_UNUSED_FUNCTION = YES;
				GCC_WARN_UNUSED_VARIABLE = YES;
				IPHONEOS_DEPLOYMENT_TARGET = 15.5;
				MTL_ENABLE_DEBUG_INFO = NO;
				MTL_FAST_MATH = YES;
				SDKROOT = iphoneos;
				SWIFT_COMPILATION_MODE = wholemodule;
				SWIFT_OPTIMIZATION_LEVEL = "-O";
				VALIDATE_PRODUCT = YES;
			};
			name = Release;
		};
		899C8F5B29948FE40001AC43 /* Debug */ = {
			isa = XCBuildConfiguration;
			baseConfigurationReference = 031C575EC0964D1EC9F7ACAD /* Pods-CricketZone.debug.xcconfig */;
			buildSettings = {
				ASSETCATALOG_COMPILER_APPICON_NAME = AppIcon;
				ASSETCATALOG_COMPILER_GLOBAL_ACCENT_COLOR_NAME = AccentColor;
				CODE_SIGN_STYLE = Automatic;
				CURRENT_PROJECT_VERSION = 1;
				GENERATE_INFOPLIST_FILE = YES;
				INFOPLIST_FILE = CricketZone/Info.plist;
				INFOPLIST_KEY_UIApplicationSupportsIndirectInputEvents = YES;
				INFOPLIST_KEY_UILaunchStoryboardName = LaunchScreen;
				INFOPLIST_KEY_UIMainStoryboardFile = Main;
				INFOPLIST_KEY_UISupportedInterfaceOrientations = UIInterfaceOrientationPortrait;
				INFOPLIST_KEY_UISupportedInterfaceOrientations_iPad = "UIInterfaceOrientationPortrait UIInterfaceOrientationPortraitUpsideDown UIInterfaceOrientationLandscapeLeft UIInterfaceOrientationLandscapeRight";
				INFOPLIST_KEY_UISupportedInterfaceOrientations_iPhone = "UIInterfaceOrientationPortrait UIInterfaceOrientationLandscapeLeft UIInterfaceOrientationLandscapeRight";
				LD_RUNPATH_SEARCH_PATHS = (
					"$(inherited)",
					"@executable_path/Frameworks",
				);
				MARKETING_VERSION = 1.0;
				PRODUCT_BUNDLE_IDENTIFIER = com.bjit.CricketZone;
				PRODUCT_NAME = "$(TARGET_NAME)";
				SWIFT_EMIT_LOC_STRINGS = YES;
				SWIFT_VERSION = 5.0;
				TARGETED_DEVICE_FAMILY = 1;
			};
			name = Debug;
		};
		899C8F5C29948FE40001AC43 /* Release */ = {
			isa = XCBuildConfiguration;
			baseConfigurationReference = 1FAE0122A389898F2860FB95 /* Pods-CricketZone.release.xcconfig */;
			buildSettings = {
				ASSETCATALOG_COMPILER_APPICON_NAME = AppIcon;
				ASSETCATALOG_COMPILER_GLOBAL_ACCENT_COLOR_NAME = AccentColor;
				CODE_SIGN_STYLE = Automatic;
				CURRENT_PROJECT_VERSION = 1;
				GENERATE_INFOPLIST_FILE = YES;
				INFOPLIST_FILE = CricketZone/Info.plist;
				INFOPLIST_KEY_UIApplicationSupportsIndirectInputEvents = YES;
				INFOPLIST_KEY_UILaunchStoryboardName = LaunchScreen;
				INFOPLIST_KEY_UIMainStoryboardFile = Main;
				INFOPLIST_KEY_UISupportedInterfaceOrientations = UIInterfaceOrientationPortrait;
				INFOPLIST_KEY_UISupportedInterfaceOrientations_iPad = "UIInterfaceOrientationPortrait UIInterfaceOrientationPortraitUpsideDown UIInterfaceOrientationLandscapeLeft UIInterfaceOrientationLandscapeRight";
				INFOPLIST_KEY_UISupportedInterfaceOrientations_iPhone = "UIInterfaceOrientationPortrait UIInterfaceOrientationLandscapeLeft UIInterfaceOrientationLandscapeRight";
				LD_RUNPATH_SEARCH_PATHS = (
					"$(inherited)",
					"@executable_path/Frameworks",
				);
				MARKETING_VERSION = 1.0;
				PRODUCT_BUNDLE_IDENTIFIER = com.bjit.CricketZone;
				PRODUCT_NAME = "$(TARGET_NAME)";
				SWIFT_EMIT_LOC_STRINGS = YES;
				SWIFT_VERSION = 5.0;
				TARGETED_DEVICE_FAMILY = 1;
			};
			name = Release;
		};
/* End XCBuildConfiguration section */

/* Begin XCConfigurationList section */
		899C8F3E29948FE00001AC43 /* Build configuration list for PBXProject "CricketZone" */ = {
			isa = XCConfigurationList;
			buildConfigurations = (
				899C8F5829948FE40001AC43 /* Debug */,
				899C8F5929948FE40001AC43 /* Release */,
			);
			defaultConfigurationIsVisible = 0;
			defaultConfigurationName = Release;
		};
		899C8F5A29948FE40001AC43 /* Build configuration list for PBXNativeTarget "CricketZone" */ = {
			isa = XCConfigurationList;
			buildConfigurations = (
				899C8F5B29948FE40001AC43 /* Debug */,
				899C8F5C29948FE40001AC43 /* Release */,
			);
			defaultConfigurationIsVisible = 0;
			defaultConfigurationName = Release;
		};
/* End XCConfigurationList section */

/* Begin XCVersionGroup section */
		899C8F4F29948FE00001AC43 /* CricketZone.xcdatamodeld */ = {
			isa = XCVersionGroup;
			children = (
				899C8F5029948FE00001AC43 /* CricketZone.xcdatamodel */,
			);
			currentVersion = 899C8F5029948FE00001AC43 /* CricketZone.xcdatamodel */;
			path = CricketZone.xcdatamodeld;
			sourceTree = "<group>";
			versionGroupType = wrapper.xcdatamodel;
		};
/* End XCVersionGroup section */
	};
	rootObject = 899C8F3B29948FE00001AC43 /* Project object */;
}
